{
  "name": "eportfolio-experience",
  "version": "1.0.0",
  "lockfileVersion": 3,
  "requires": true,
  "packages": {
    "": {
      "name": "eportfolio-experience",
      "version": "1.0.0",
      "dependencies": {
        "eportfolio-shared": "github:jesss-git/ePortfolio-Shared"
      }
    },
    "node_modules/eportfolio-shared": {
      "version": "1.0.0",
      "resolved": "git+ssh://git@github.com/jesss-git/ePortfolio-Shared.git#9ed6bbcacbde16e09558a0a154a5a3d13a587a56"
    }
  }
}
