{
  "name": "eportfolio-uxui",
  "version": "1.0.0",
  "lockfileVersion": 3,
  "requires": true,
  "packages": {
    "": {
      "name": "eportfolio-uxui",
      "version": "1.0.0",
      "dependencies": {
        "eportfolio-shared": "github:jesss-git/ePortfolio-Shared"
      }
    },
    "node_modules/eportfolio-shared": {
      "version": "1.0.0",
      "resolved": "git+ssh://git@github.com/jesss-git/ePortfolio-Shared.git#65dde0f9f9fa7825a69bd51dd757f5de4876d76d"
    }
  }
}
